
Microsoft Visual Studio Solution File, Format Version 12.00
# Visual Studio Version 17
VisualStudioVersion = 17.8.34330.188
MinimumVisualStudioVersion = 10.0.40219.1
Project("{9A19103F-16F7-4668-BE54-9A1E7A4F7556}") = "Program", "Program.csproj", "{C1038BDC-3273-4813-88CD-AFF9C427033C}"
EndProject
Global
	GlobalSection(SolutionConfigurationPlatforms) = preSolution
		Debug|Any CPU = Debug|Any CPU
		Release|Any CPU = Release|Any CPU
	EndGlobalSection
	GlobalSection(ProjectConfigurationPlatforms) = postSolution
		{C1038BDC-3273-4813-88CD-AFF9C427033C}.Debug|Any CPU.ActiveCfg = Debug|Any CPU
		{C1038BDC-3273-4813-88CD-AFF9C427033C}.Debug|Any CPU.Build.0 = Debug|Any CPU
		{C1038BDC-3273-4813-88CD-AFF9C427033C}.Release|Any CPU.ActiveCfg = Release|Any CPU
		{C1038BDC-3273-4813-88CD-AFF9C427033C}.Release|Any CPU.Build.0 = Release|Any CPU
	EndGlobalSection
	GlobalSection(SolutionProperties) = preSolution
		HideSolutionNode = FALSE
	EndGlobalSection
	GlobalSection(ExtensibilityGlobals) = postSolution
		SolutionGuid = {8E8B6596-02CA-4E1C-A2FD-636AA13D9A81}
	EndGlobalSection
EndGlobal
